<?xml version="1.0" encoding="utf-8"?>
<Project ToolsVersion="4.0" xmlns="http://schemas.microsoft.com/developer/msbuild/2003">
  <ItemGroup>
    <Filter Include="Resource Files">
      <UniqueIdentifier>{67DA6AB6-F800-4c08-8B7A-83BB121AAD01}</UniqueIdentifier>
      <Extensions>rc;ico;cur;bmp;dlg;rc2;rct;bin;rgs;gif;jpg;jpeg;jpe;resx;tiff;tif;png;wav;mfcribbon-ms</Extensions>
    </Filter>
    <Filter Include="Exception-Based">
      <UniqueIdentifier>{617aca65-baef-4ff1-a495-f784fba68b0d}</UniqueIdentifier>
    </Filter>
    <Filter Include="DxError">
      <UniqueIdentifier>{a1bfc6c9-65c0-4d07-9a83-7446e20c8c47}</UniqueIdentifier>
    </Filter>
    <Filter Include="I/O">
      <UniqueIdentifier>{85872952-a404-4148-a2a6-61e55855e3de}</UniqueIdentifier>
    </Filter>
    <Filter Include="Performance &amp; Helpers">
      <UniqueIdentifier>{179fa3cf-0eeb-401d-88fc-0a6fd6ee4b9e}</UniqueIdentifier>
    </Filter>
    <Filter Include="Primatives">
      <UniqueIdentifier>{679bd81a-0e39-4b40-bf20-282e4524fbf4}</UniqueIdentifier>
    </Filter>
    <Filter Include="Buffers &amp; Shaders + Related Others">
      <UniqueIdentifier>{4b06691e-0c61-4bf5-8d67-6ca26915a49c}</UniqueIdentifier>
    </Filter>
    <Filter Include="Buffers &amp; Shaders + Related Others\Shaders">
      <UniqueIdentifier>{482df0b9-1066-4582-ace0-39b92c7a67f5}</UniqueIdentifier>
    </Filter>
    <Filter Include="Buffers &amp; Shaders + Related Others\Shaders\.hlsl">
      <UniqueIdentifier>{230dc34d-ac69-435e-a465-cf9785cf5915}</UniqueIdentifier>
    </Filter>
    <Filter Include="Buffers &amp; Shaders + Related Others\Shaders\.cpp">
      <UniqueIdentifier>{08ecf602-ea02-4c61-80ae-0ab695237a16}</UniqueIdentifier>
    </Filter>
    <Filter Include="Buffers &amp; Shaders + Related Others\Shaders\.h">
      <UniqueIdentifier>{2164074a-2630-43b7-aec3-556345c7fe7f}</UniqueIdentifier>
    </Filter>
    <Filter Include="Buffers &amp; Shaders + Related Others\Buffers">
      <UniqueIdentifier>{7402a81e-9c4b-47f8-bfc9-c76210012680}</UniqueIdentifier>
    </Filter>
    <Filter Include="Buffers &amp; Shaders + Related Others\Buffers\.cpp">
      <UniqueIdentifier>{e1dd1cb0-dc19-4d99-a904-6861fa8b256c}</UniqueIdentifier>
    </Filter>
    <Filter Include="Buffers &amp; Shaders + Related Others\Buffers\.h">
      <UniqueIdentifier>{4a975c31-68d0-4849-87d2-0498054b467b}</UniqueIdentifier>
    </Filter>
    <Filter Include="Buffers &amp; Shaders + Related Others\Others">
      <UniqueIdentifier>{c0e42619-c5ae-4e3d-a747-7442698032bc}</UniqueIdentifier>
    </Filter>
    <Filter Include="Bindable">
      <UniqueIdentifier>{06f61d29-cc37-4f61-abfd-6316d0e36230}</UniqueIdentifier>
    </Filter>
    <Filter Include="Drawable">
      <UniqueIdentifier>{7a96adc8-595a-4e38-8cf9-093370ba8d72}</UniqueIdentifier>
    </Filter>
    <Filter Include="Buffers &amp; Shaders + Related Others\Others\.hlsl">
      <UniqueIdentifier>{48843754-3da9-4dca-9546-0c5da8121dc2}</UniqueIdentifier>
    </Filter>
    <Filter Include="Others">
      <UniqueIdentifier>{444a306d-a7f5-47b6-a707-e9c6d0c9e7c1}</UniqueIdentifier>
    </Filter>
    <Filter Include="Others\Source Files">
      <UniqueIdentifier>{4FC737F1-C7A5-4376-A066-2A32D752A2FF}</UniqueIdentifier>
      <Extensions>cpp;c;cc;cxx;c++;cppm;ixx;def;odl;idl;hpj;bat;asm;asmx</Extensions>
    </Filter>
    <Filter Include="Others\Header Files">
      <UniqueIdentifier>{93995380-89BD-4b04-88EB-625FBE52EBFB}</UniqueIdentifier>
      <Extensions>h;hh;hpp;hxx;h++;hm;inl;inc;ipp;xsd</Extensions>
    </Filter>
    <Filter Include="Texture-Related">
      <UniqueIdentifier>{7996e0b4-acb8-4d29-8de2-bd37072ccb4a}</UniqueIdentifier>
    </Filter>
    <Filter Include="Texture-Related\GDI">
      <UniqueIdentifier>{07aeda77-18b3-4af3-9258-add46343e850}</UniqueIdentifier>
    </Filter>
    <Filter Include="Texture-Related\Surface">
      <UniqueIdentifier>{29639014-c315-4ca3-ab21-f2f543ed9bc3}</UniqueIdentifier>
    </Filter>
    <Filter Include="Texture-Related\Colour">
      <UniqueIdentifier>{03e58f60-c144-4aff-8764-6df585a67abb}</UniqueIdentifier>
    </Filter>
    <Filter Include="Texture-Related\.hlsl">
      <UniqueIdentifier>{2724a9ce-a574-452f-ba08-d0601e3bfdf2}</UniqueIdentifier>
    </Filter>
    <Filter Include="Texture-Related\Texture">
      <UniqueIdentifier>{484e1435-73ce-4612-94fe-09e2b8e86f73}</UniqueIdentifier>
    </Filter>
    <Filter Include="Texture-Related\Sampler">
      <UniqueIdentifier>{4aaa1075-eeeb-400e-a2e4-ab8949b13bb9}</UniqueIdentifier>
    </Filter>
    <Filter Include="Primatives\Texture_Oriented">
      <UniqueIdentifier>{6ace3617-7dde-48a5-aac2-11395dad702d}</UniqueIdentifier>
    </Filter>
    <Filter Include="Primatives\Texture_Oriented\Plane">
      <UniqueIdentifier>{4a7c20d4-f72e-44b7-97e8-4d6e07da5d43}</UniqueIdentifier>
    </Filter>
    <Filter Include="Primatives\Texture_Oriented\Cube">
      <UniqueIdentifier>{3e2c31cd-65b4-4c7f-ad8e-1f53edcd8d9e}</UniqueIdentifier>
    </Filter>
    <Filter Include="Primatives\Texture_Oriented\Cube\FullySkinned">
      <UniqueIdentifier>{7d4a224a-c9e1-466e-9d7c-f8d92209b231}</UniqueIdentifier>
    </Filter>
    <Filter Include="Primatives\Texture_Oriented\Cube\SemiSkinned">
      <UniqueIdentifier>{08c39ece-b6c2-46d5-868c-8ebfc2d9baa0}</UniqueIdentifier>
    </Filter>
    <Filter Include="Primatives\Colour_Oriented">
      <UniqueIdentifier>{758a891a-7123-424d-a8ca-b80c57165ba7}</UniqueIdentifier>
    </Filter>
    <Filter Include="Primatives\Colour_Oriented\Cube">
      <UniqueIdentifier>{d78cff2e-6159-40ed-8fce-84b30662ecae}</UniqueIdentifier>
    </Filter>
    <Filter Include="Primatives\Colour_Oriented\Plane">
      <UniqueIdentifier>{2b504154-86b9-41d5-8f99-c8b123fccaeb}</UniqueIdentifier>
    </Filter>
    <Filter Include="Primatives\Colour_Oriented\Sphere">
      <UniqueIdentifier>{f9ea265f-9bfd-4c35-8aa7-8c2ad3dd1acd}</UniqueIdentifier>
    </Filter>
    <Filter Include="Primatives\Colour_Oriented\Sphere\LongLatSphere">
      <UniqueIdentifier>{fae0c006-d850-4186-9776-9952e22167b1}</UniqueIdentifier>
    </Filter>
    <Filter Include="Primatives\Primative">
      <UniqueIdentifier>{8f5aac92-db91-4377-894f-6b18b1058170}</UniqueIdentifier>
    </Filter>
    <Filter Include="Primatives\Primative\Cube">
      <UniqueIdentifier>{20eb09d6-7005-41dc-b6ba-85b919617119}</UniqueIdentifier>
    </Filter>
    <Filter Include="Primatives\Primative\Cone">
      <UniqueIdentifier>{63550f69-e4e1-4c3d-8e22-3abdfceabba0}</UniqueIdentifier>
    </Filter>
    <Filter Include="Primatives\Primative\Plane">
      <UniqueIdentifier>{c1aa23b1-11cb-463d-b3bb-d730bf28ed01}</UniqueIdentifier>
    </Filter>
    <Filter Include="Primatives\Primative\Sphere">
      <UniqueIdentifier>{baaee290-03f4-468d-bca9-aa12ef2912f6}</UniqueIdentifier>
    </Filter>
    <Filter Include="Primatives\Primative\Sphere\IcoSphere">
      <UniqueIdentifier>{7c810487-5c98-4bc5-a500-1c8fb7ac959b}</UniqueIdentifier>
    </Filter>
  </ItemGroup>
  <ItemGroup>
    <ClCompile Include="WinMain.cpp">
      <Filter>Others\Source Files</Filter>
    </ClCompile>
    <ClCompile Include="Win.cpp">
      <Filter>Others\Source Files</Filter>
    </ClCompile>
    <ClCompile Include="Application.cpp">
      <Filter>Others\Source Files</Filter>
    </ClCompile>
    <ClCompile Include="Timer.cpp">
      <Filter>Others\Source Files</Filter>
    </ClCompile>
    <ClCompile Include="Graphics.cpp">
      <Filter>Others\Source Files</Filter>
    </ClCompile>
    <ClCompile Include="ExceptionHandler.cpp">
      <Filter>Exception-Based</Filter>
    </ClCompile>
    <ClCompile Include="dxerr.cpp">
      <Filter>DxError</Filter>
    </ClCompile>
    <ClCompile Include="DirectXInfoManagement.cpp">
      <Filter>Exception-Based</Filter>
    </ClCompile>
    <ClCompile Include="Mouse.cpp">
      <Filter>I/O</Filter>
    </ClCompile>
    <ClCompile Include="Keyboard.cpp">
      <Filter>I/O</Filter>
    </ClCompile>
    <ClCompile Include="VertexShader.cpp">
      <Filter>Buffers &amp; Shaders + Related Others\Shaders\.cpp</Filter>
    </ClCompile>
    <ClCompile Include="IndexBuffer.cpp">
      <Filter>Buffers &amp; Shaders + Related Others\Buffers\.cpp</Filter>
    </ClCompile>
    <ClCompile Include="VertexBuffer.cpp">
      <Filter>Buffers &amp; Shaders + Related Others\Buffers\.cpp</Filter>
    </ClCompile>
    <ClCompile Include="PixelShader.cpp">
      <Filter>Buffers &amp; Shaders + Related Others\Shaders\.cpp</Filter>
    </ClCompile>
    <ClCompile Include="PrimitiveTopology.cpp">
      <Filter>Others\Source Files</Filter>
    </ClCompile>
    <ClCompile Include="InputLayout.cpp">
      <Filter>Buffers &amp; Shaders + Related Others\Others</Filter>
    </ClCompile>
    <ClCompile Include="TransformConstBuffer.cpp">
      <Filter>Buffers &amp; Shaders + Related Others\Others</Filter>
    </ClCompile>
    <ClCompile Include="Bindable.cpp">
      <Filter>Bindable</Filter>
    </ClCompile>
    <ClCompile Include="Drawable.cpp">
      <Filter>Drawable</Filter>
    </ClCompile>
    <ClCompile Include="BindLongLatSphere.cpp">
      <Filter>Primatives\Colour_Oriented\Sphere\LongLatSphere</Filter>
    </ClCompile>
    <ClCompile Include="GfxDeviceInterface+Mng.cpp">
      <Filter>Texture-Related\GDI</Filter>
    </ClCompile>
    <ClCompile Include="Surface.cpp">
      <Filter>Texture-Related\Surface</Filter>
    </ClCompile>
    <ClCompile Include="Texture.cpp">
      <Filter>Texture-Related\Texture</Filter>
    </ClCompile>
    <ClCompile Include="Sampler.cpp">
      <Filter>Texture-Related\Sampler</Filter>
    </ClCompile>
    <ClCompile Include="TexturedPlane.cpp">
      <Filter>Primatives\Texture_Oriented\Plane</Filter>
    </ClCompile>
    <ClCompile Include="SkinnedCube.cpp">
      <Filter>Primatives\Texture_Oriented\Cube\FullySkinned</Filter>
    </ClCompile>
    <ClCompile Include="SemiSkinnedCube.cpp">
      <Filter>Primatives\Texture_Oriented\Cube\SemiSkinned</Filter>
    </ClCompile>
    <ClCompile Include="BindCube.cpp">
      <Filter>Primatives\Colour_Oriented\Cube</Filter>
    </ClCompile>
    <ClCompile Include="BindPlane.cpp">
      <Filter>Primatives\Colour_Oriented\Plane</Filter>
    </ClCompile>
  </ItemGroup>
  <ItemGroup>
    <ClInclude Include="Win.h">
      <Filter>Others\Header Files</Filter>
    </ClInclude>
    <ClInclude Include="Application.h">
      <Filter>Others\Header Files</Filter>
    </ClInclude>
    <ClInclude Include="Timer.h">
      <Filter>Others\Header Files</Filter>
    </ClInclude>
    <ClInclude Include="Graphics.h">
      <Filter>Others\Header Files</Filter>
    </ClInclude>
    <ClInclude Include="ExceptionHandler.h">
      <Filter>Exception-Based</Filter>
    </ClInclude>
    <ClInclude Include="WinDef.h">
      <Filter>Performance &amp; Helpers</Filter>
    </ClInclude>
    <ClInclude Include="dxerr.h">
      <Filter>DxError</Filter>
    </ClInclude>
    <ClInclude Include="DirectXInfoManagement.h">
      <Filter>Exception-Based</Filter>
    </ClInclude>
    <ClInclude Include="Mouse.h">
      <Filter>I/O</Filter>
    </ClInclude>
    <ClInclude Include="Keyboard.h">
      <Filter>I/O</Filter>
    </ClInclude>
    <ClInclude Include="ThrowMacros.h">
      <Filter>Performance &amp; Helpers</Filter>
    </ClInclude>
    <ClInclude Include="VertexShader.h">
      <Filter>Buffers &amp; Shaders + Related Others\Shaders\.h</Filter>
    </ClInclude>
    <ClInclude Include="IndexBuffer.h">
      <Filter>Buffers &amp; Shaders + Related Others\Buffers\.h</Filter>
    </ClInclude>
    <ClInclude Include="VertexBuffer.h">
      <Filter>Buffers &amp; Shaders + Related Others\Buffers\.h</Filter>
    </ClInclude>
    <ClInclude Include="PixelShader.h">
      <Filter>Buffers &amp; Shaders + Related Others\Shaders\.h</Filter>
    </ClInclude>
    <ClInclude Include="ConstBuffer(s).h">
      <Filter>Buffers &amp; Shaders + Related Others\Buffers\.h</Filter>
    </ClInclude>
    <ClInclude Include="PrimitiveTopology.h">
      <Filter>Others\Header Files</Filter>
    </ClInclude>
    <ClInclude Include="TransformConstBuffer.h">
      <Filter>Buffers &amp; Shaders + Related Others\Others</Filter>
    </ClInclude>
    <ClInclude Include="InputLayout.h">
      <Filter>Buffers &amp; Shaders + Related Others\Others</Filter>
    </ClInclude>
    <ClInclude Include="DefaultBindables.h">
      <Filter>Buffers &amp; Shaders + Related Others\Others</Filter>
    </ClInclude>
    <ClInclude Include="MathematicalConstants.h">
      <Filter>Performance &amp; Helpers</Filter>
    </ClInclude>
    <ClInclude Include="Bindable.h">
      <Filter>Bindable</Filter>
    </ClInclude>
    <ClInclude Include="Drawable.h">
      <Filter>Drawable</Filter>
    </ClInclude>
    <ClInclude Include="resource.h">
      <Filter>Resource Files</Filter>
    </ClInclude>
    <ClInclude Include="DrawableBase.h">
      <Filter>Drawable</Filter>
    </ClInclude>
    <ClInclude Include="Plane.h">
      <Filter>Primatives\Primative\Plane</Filter>
    </ClInclude>
    <ClInclude Include="Cube.h">
      <Filter>Primatives\Primative\Cube</Filter>
    </ClInclude>
    <ClInclude Include="Cone.h">
      <Filter>Primatives\Primative\Cone</Filter>
    </ClInclude>
    <ClInclude Include="BindLongLatSphere.h">
      <Filter>Primatives\Colour_Oriented\Sphere\LongLatSphere</Filter>
    </ClInclude>
    <ClInclude Include="GfxDeviceInterface+Mng.h">
      <Filter>Texture-Related\GDI</Filter>
    </ClInclude>
    <ClInclude Include="Colour.h">
      <Filter>Texture-Related\Colour</Filter>
    </ClInclude>
    <ClInclude Include="Surface.h">
      <Filter>Texture-Related\Surface</Filter>
    </ClInclude>
    <ClInclude Include="Texture.h">
      <Filter>Texture-Related\Texture</Filter>
    </ClInclude>
    <ClInclude Include="Sampler.h">
      <Filter>Texture-Related\Sampler</Filter>
    </ClInclude>
    <ClInclude Include="TexturedPlane.h">
      <Filter>Primatives\Texture_Oriented\Plane</Filter>
    </ClInclude>
    <ClInclude Include="SkinnedCube.h">
      <Filter>Primatives\Texture_Oriented\Cube\FullySkinned</Filter>
    </ClInclude>
    <ClInclude Include="SemiSkinnedCube.h">
      <Filter>Primatives\Texture_Oriented\Cube\SemiSkinned</Filter>
    </ClInclude>
    <ClInclude Include="BindCube.h">
      <Filter>Primatives\Colour_Oriented\Cube</Filter>
    </ClInclude>
    <ClInclude Include="BindPlane.h">
      <Filter>Primatives\Colour_Oriented\Plane</Filter>
    </ClInclude>
    <ClInclude Include="LongLatSphere.h">
      <Filter>Primatives\Colour_Oriented</Filter>
    </ClInclude>
    <ClInclude Include="IndexedTriangleList.h">
      <Filter>Primatives\Primative</Filter>
    </ClInclude>
  </ItemGroup>
  <ItemGroup>
    <ResourceCompile Include="3d_Engine.rc">
      <Filter>Resource Files</Filter>
    </ResourceCompile>
  </ItemGroup>
  <ItemGroup>
    <Image Include="3d\pieck.ico">
      <Filter>Resource Files</Filter>
    </Image>
  </ItemGroup>
  <ItemGroup>
    <FxCompile Include="ColourIndexPS.hlsl">
      <Filter>Buffers &amp; Shaders + Related Others\Shaders\.hlsl</Filter>
    </FxCompile>
    <FxCompile Include="ColourIndexVS.hlsl">
      <Filter>Buffers &amp; Shaders + Related Others\Shaders\.hlsl</Filter>
    </FxCompile>
    <FxCompile Include="ColourBlendVS.hlsl">
      <Filter>Buffers &amp; Shaders + Related Others\Shaders\.hlsl</Filter>
    </FxCompile>
    <FxCompile Include="ColourBlendPS.hlsl">
      <Filter>Buffers &amp; Shaders + Related Others\Shaders\.hlsl</Filter>
    </FxCompile>
    <FxCompile Include="TexturePS.hlsl">
      <Filter>Texture-Related\.hlsl</Filter>
    </FxCompile>
    <FxCompile Include="TextureVS.hlsl">
      <Filter>Texture-Related\.hlsl</Filter>
    </FxCompile>
  </ItemGroup>
</Project>